// !$*UTF8*$!
{
	archiveVersion = 1;
	classes = {
	};
	objectVersion = 55;
	objects = {

/* Begin PBXBuildFile section */
		F79D75552BF76F22001C570A /* DogsInfoViewModel.swift in Sources */ = {isa = PBXBuildFile; fileRef = F79D75542BF76F22001C570A /* DogsInfoViewModel.swift */; };
		F79D75572BF77033001C570A /* NetworkManager.swift in Sources */ = {isa = PBXBuildFile; fileRef = F79D75562BF77033001C570A /* NetworkManager.swift */; };
		F79D755A2BF7708A001C570A /* Constants.swift in Sources */ = {isa = PBXBuildFile; fileRef = F79D75592BF7708A001C570A /* Constants.swift */; };
		F7D5613F2BF765940050099F /* AppDelegate.swift in Sources */ = {isa = PBXBuildFile; fileRef = F7D5613E2BF765940050099F /* AppDelegate.swift */; };
		F7D561412BF765940050099F /* SceneDelegate.swift in Sources */ = {isa = PBXBuildFile; fileRef = F7D561402BF765940050099F /* SceneDelegate.swift */; };
		F7D561462BF765940050099F /* Main.storyboard in Resources */ = {isa = PBXBuildFile; fileRef = F7D561442BF765940050099F /* Main.storyboard */; };
		F7D561482BF765980050099F /* Assets.xcassets in Resources */ = {isa = PBXBuildFile; fileRef = F7D561472BF765980050099F /* Assets.xcassets */; };
		F7D5614B2BF765980050099F /* LaunchScreen.storyboard in Resources */ = {isa = PBXBuildFile; fileRef = F7D561492BF765980050099F /* LaunchScreen.storyboard */; };
		F7D561562BF765990050099F /* DownloadImagesWIthSpinnerTests.swift in Sources */ = {isa = PBXBuildFile; fileRef = F7D561552BF765990050099F /* DownloadImagesWIthSpinnerTests.swift */; };
		F7D561602BF765990050099F /* DownloadImagesWIthSpinnerUITests.swift in Sources */ = {isa = PBXBuildFile; fileRef = F7D5615F2BF765990050099F /* DownloadImagesWIthSpinnerUITests.swift */; };
		F7D561622BF765990050099F /* DownloadImagesWIthSpinnerUITestsLaunchTests.swift in Sources */ = {isa = PBXBuildFile; fileRef = F7D561612BF765990050099F /* DownloadImagesWIthSpinnerUITestsLaunchTests.swift */; };
		F7D561762BF766910050099F /* DogsInfoViewController.swift in Sources */ = {isa = PBXBuildFile; fileRef = F7D561752BF766910050099F /* DogsInfoViewController.swift */; };
		F7D561782BF766C90050099F /* DogsInfoModelObject.swift in Sources */ = {isa = PBXBuildFile; fileRef = F7D561772BF766C90050099F /* DogsInfoModelObject.swift */; };
		F7D5617C2BF767CB0050099F /* DogsInfoCollectionCell.swift in Sources */ = {isa = PBXBuildFile; fileRef = F7D5617B2BF767CB0050099F /* DogsInfoCollectionCell.swift */; };
/* End PBXBuildFile section */

/* Begin PBXContainerItemProxy section */
		F7D561522BF765990050099F /* PBXContainerItemProxy */ = {
			isa = PBXContainerItemProxy;
			containerPortal = F7D561332BF765940050099F /* Project object */;
			proxyType = 1;
			remoteGlobalIDString = F7D5613A2BF765940050099F;
			remoteInfo = DownloadImagesWIthSpinner;
		};
		F7D5615C2BF765990050099F /* PBXContainerItemProxy */ = {
			isa = PBXContainerItemProxy;
			containerPortal = F7D561332BF765940050099F /* Project object */;
			proxyType = 1;
			remoteGlobalIDString = F7D5613A2BF765940050099F;
			remoteInfo = DownloadImagesWIthSpinner;
		};
/* End PBXContainerItemProxy section */

/* Begin PBXFileReference section */
		F79D75542BF76F22001C570A /* DogsInfoViewModel.swift */ = {isa = PBXFileReference; lastKnownFileType = sourcecode.swift; path = DogsInfoViewModel.swift; sourceTree = "<group>"; };
		F79D75562BF77033001C570A /* NetworkManager.swift */ = {isa = PBXFileReference; lastKnownFileType = sourcecode.swift; path = NetworkManager.swift; sourceTree = "<group>"; };
		F79D75592BF7708A001C570A /* Constants.swift */ = {isa = PBXFileReference; lastKnownFileType = sourcecode.swift; path = Constants.swift; sourceTree = "<group>"; };
		F7D5613B2BF765940050099F /* DownloadImagesWIthSpinner.app */ = {isa = PBXFileReference; explicitFileType = wrapper.application; includeInIndex = 0; path = DownloadImagesWIthSpinner.app; sourceTree = BUILT_PRODUCTS_DIR; };
		F7D5613E2BF765940050099F /* AppDelegate.swift */ = {isa = PBXFileReference; lastKnownFileType = sourcecode.swift; path = AppDelegate.swift; sourceTree = "<group>"; };
		F7D561402BF765940050099F /* SceneDelegate.swift */ = {isa = PBXFileReference; lastKnownFileType = sourcecode.swift; path = SceneDelegate.swift; sourceTree = "<group>"; };
		F7D561452BF765940050099F /* Base */ = {isa = PBXFileReference; lastKnownFileType = file.storyboard; name = Base; path = Base.lproj/Main.storyboard; sourceTree = "<group>"; };
		F7D561472BF765980050099F /* Assets.xcassets */ = {isa = PBXFileReference; lastKnownFileType = folder.assetcatalog; path = Assets.xcassets; sourceTree = "<group>"; };
		F7D5614A2BF765980050099F /* Base */ = {isa = PBXFileReference; lastKnownFileType = file.storyboard; name = Base; path = Base.lproj/LaunchScreen.storyboard; sourceTree = "<group>"; };
		F7D5614C2BF765980050099F /* Info.plist */ = {isa = PBXFileReference; lastKnownFileType = text.plist.xml; path = Info.plist; sourceTree = "<group>"; };
		F7D561512BF765990050099F /* DownloadImagesWIthSpinnerTests.xctest */ = {isa = PBXFileReference; explicitFileType = wrapper.cfbundle; includeInIndex = 0; path = DownloadImagesWIthSpinnerTests.xctest; sourceTree = BUILT_PRODUCTS_DIR; };
		F7D561552BF765990050099F /* DownloadImagesWIthSpinnerTests.swift */ = {isa = PBXFileReference; lastKnownFileType = sourcecode.swift; path = DownloadImagesWIthSpinnerTests.swift; sourceTree = "<group>"; };
		F7D5615B2BF765990050099F /* DownloadImagesWIthSpinnerUITests.xctest */ = {isa = PBXFileReference; explicitFileType = wrapper.cfbundle; includeInIndex = 0; path = DownloadImagesWIthSpinnerUITests.xctest; sourceTree = BUILT_PRODUCTS_DIR; };
		F7D5615F2BF765990050099F /* DownloadImagesWIthSpinnerUITests.swift */ = {isa = PBXFileReference; lastKnownFileType = sourcecode.swift; path = DownloadImagesWIthSpinnerUITests.swift; sourceTree = "<group>"; };
		F7D561612BF765990050099F /* DownloadImagesWIthSpinnerUITestsLaunchTests.swift */ = {isa = PBXFileReference; lastKnownFileType = sourcecode.swift; path = DownloadImagesWIthSpinnerUITestsLaunchTests.swift; sourceTree = "<group>"; };
		F7D561752BF766910050099F /* DogsInfoViewController.swift */ = {isa = PBXFileReference; lastKnownFileType = sourcecode.swift; path = DogsInfoViewController.swift; sourceTree = "<group>"; };
		F7D561772BF766C90050099F /* DogsInfoModelObject.swift */ = {isa = PBXFileReference; lastKnownFileType = sourcecode.swift; path = DogsInfoModelObject.swift; sourceTree = "<group>"; };
		F7D5617B2BF767CB0050099F /* DogsInfoCollectionCell.swift */ = {isa = PBXFileReference; lastKnownFileType = sourcecode.swift; path = DogsInfoCollectionCell.swift; sourceTree = "<group>"; };
/* End PBXFileReference section */

/* Begin PBXFrameworksBuildPhase section */
		F7D561382BF765940050099F /* Frameworks */ = {
			isa = PBXFrameworksBuildPhase;
			buildActionMask = 2147483647;
			files = (
			);
			runOnlyForDeploymentPostprocessing = 0;
		};
		F7D5614E2BF765990050099F /* Frameworks */ = {
			isa = PBXFrameworksBuildPhase;
			buildActionMask = 2147483647;
			files = (
			);
			runOnlyForDeploymentPostprocessing = 0;
		};
		F7D561582BF765990050099F /* Frameworks */ = {
			isa = PBXFrameworksBuildPhase;
			buildActionMask = 2147483647;
			files = (
			);
			runOnlyForDeploymentPostprocessing = 0;
		};
/* End PBXFrameworksBuildPhase section */

/* Begin PBXGroup section */
		F79D75582BF77068001C570A /* Constants */ = {
			isa = PBXGroup;
			children = (
				F79D75592BF7708A001C570A /* Constants.swift */,
			);
			path = Constants;
			sourceTree = "<group>";
		};
		F7D561322BF765940050099F = {
			isa = PBXGroup;
			children = (
				F7D5613D2BF765940050099F /* DownloadImagesWIthSpinner */,
				F7D561542BF765990050099F /* DownloadImagesWIthSpinnerTests */,
				F7D5615E2BF765990050099F /* DownloadImagesWIthSpinnerUITests */,
				F7D5613C2BF765940050099F /* Products */,
			);
			sourceTree = "<group>";
		};
		F7D5613C2BF765940050099F /* Products */ = {
			isa = PBXGroup;
			children = (
				F7D5613B2BF765940050099F /* DownloadImagesWIthSpinner.app */,
				F7D561512BF765990050099F /* DownloadImagesWIthSpinnerTests.xctest */,
				F7D5615B2BF765990050099F /* DownloadImagesWIthSpinnerUITests.xctest */,
			);
			name = Products;
			sourceTree = "<group>";
		};
		F7D5613D2BF765940050099F /* DownloadImagesWIthSpinner */ = {
			isa = PBXGroup;
			children = (
				F79D75582BF77068001C570A /* Constants */,
				F7D5617A2BF767960050099F /* CustomCells */,
				F7D5616E2BF765B90050099F /* AppDelegate */,
				F7D5616F2BF765D60050099F /* Resource */,
				F7D561742BF766120050099F /* NetworkManager */,
				F7D561732BF766090050099F /* Model */,
				F7D561722BF766020050099F /* View */,
				F7D561712BF765FB0050099F /* ViewModel */,
				F7D561702BF765EF0050099F /* Controller */,
				F7D5614C2BF765980050099F /* Info.plist */,
			);
			path = DownloadImagesWIthSpinner;
			sourceTree = "<group>";
		};
		F7D561542BF765990050099F /* DownloadImagesWIthSpinnerTests */ = {
			isa = PBXGroup;
			children = (
				F7D561552BF765990050099F /* DownloadImagesWIthSpinnerTests.swift */,
			);
			path = DownloadImagesWIthSpinnerTests;
			sourceTree = "<group>";
		};
		F7D5615E2BF765990050099F /* DownloadImagesWIthSpinnerUITests */ = {
			isa = PBXGroup;
			children = (
				F7D5615F2BF765990050099F /* DownloadImagesWIthSpinnerUITests.swift */,
				F7D561612BF765990050099F /* DownloadImagesWIthSpinnerUITestsLaunchTests.swift */,
			);
			path = DownloadImagesWIthSpinnerUITests;
			sourceTree = "<group>";
		};
		F7D5616E2BF765B90050099F /* AppDelegate */ = {
			isa = PBXGroup;
			children = (
				F7D5613E2BF765940050099F /* AppDelegate.swift */,
				F7D561402BF765940050099F /* SceneDelegate.swift */,
			);
			path = AppDelegate;
			sourceTree = "<group>";
		};
		F7D5616F2BF765D60050099F /* Resource */ = {
			isa = PBXGroup;
			children = (
				F7D561472BF765980050099F /* Assets.xcassets */,
			);
			path = Resource;
			sourceTree = "<group>";
		};
		F7D561702BF765EF0050099F /* Controller */ = {
			isa = PBXGroup;
			children = (
				F7D561752BF766910050099F /* DogsInfoViewController.swift */,
			);
			path = Controller;
			sourceTree = "<group>";
		};
		F7D561712BF765FB0050099F /* ViewModel */ = {
			isa = PBXGroup;
			children = (
				F79D75542BF76F22001C570A /* DogsInfoViewModel.swift */,
			);
			path = ViewModel;
			sourceTree = "<group>";
		};
		F7D561722BF766020050099F /* View */ = {
			isa = PBXGroup;
			children = (
				F7D561442BF765940050099F /* Main.storyboard */,
				F7D561492BF765980050099F /* LaunchScreen.storyboard */,
			);
			path = View;
			sourceTree = "<group>";
		};
		F7D561732BF766090050099F /* Model */ = {
			isa = PBXGroup;
			children = (
				F7D561772BF766C90050099F /* DogsInfoModelObject.swift */,
			);
			path = Model;
			sourceTree = "<group>";
		};
		F7D561742BF766120050099F /* NetworkManager */ = {
			isa = PBXGroup;
			children = (
				F79D75562BF77033001C570A /* NetworkManager.swift */,
			);
			path = NetworkManager;
			sourceTree = "<group>";
		};
		F7D5617A2BF767960050099F /* CustomCells */ = {
			isa = PBXGroup;
			children = (
				F7D5617B2BF767CB0050099F /* DogsInfoCollectionCell.swift */,
			);
			path = CustomCells;
			sourceTree = "<group>";
		};
/* End PBXGroup section */

/* Begin PBXNativeTarget section */
		F7D5613A2BF765940050099F /* DownloadImagesWIthSpinner */ = {
			isa = PBXNativeTarget;
			buildConfigurationList = F7D561652BF765990050099F /* Build configuration list for PBXNativeTarget "DownloadImagesWIthSpinner" */;
			buildPhases = (
				F7D561372BF765940050099F /* Sources */,
				F7D561382BF765940050099F /* Frameworks */,
				F7D561392BF765940050099F /* Resources */,
			);
			buildRules = (
			);
			dependencies = (
			);
			name = DownloadImagesWIthSpinner;
			productName = DownloadImagesWIthSpinner;
			productReference = F7D5613B2BF765940050099F /* DownloadImagesWIthSpinner.app */;
			productType = "com.apple.product-type.application";
		};
		F7D561502BF765990050099F /* DownloadImagesWIthSpinnerTests */ = {
			isa = PBXNativeTarget;
			buildConfigurationList = F7D561682BF765990050099F /* Build configuration list for PBXNativeTarget "DownloadImagesWIthSpinnerTests" */;
			buildPhases = (
				F7D5614D2BF765990050099F /* Sources */,
				F7D5614E2BF765990050099F /* Frameworks */,
				F7D5614F2BF765990050099F /* Resources */,
			);
			buildRules = (
			);
			dependencies = (
				F7D561532BF765990050099F /* PBXTargetDependency */,
			);
			name = DownloadImagesWIthSpinnerTests;
			productName = DownloadImagesWIthSpinnerTests;
			productReference = F7D561512BF765990050099F /* DownloadImagesWIthSpinnerTests.xctest */;
			productType = "com.apple.product-type.bundle.unit-test";
		};
		F7D5615A2BF765990050099F /* DownloadImagesWIthSpinnerUITests */ = {
			isa = PBXNativeTarget;
			buildConfigurationList = F7D5616B2BF765990050099F /* Build configuration list for PBXNativeTarget "DownloadImagesWIthSpinnerUITests" */;
			buildPhases = (
				F7D561572BF765990050099F /* Sources */,
				F7D561582BF765990050099F /* Frameworks */,
				F7D561592BF765990050099F /* Resources */,
			);
			buildRules = (
			);
			dependencies = (
				F7D5615D2BF765990050099F /* PBXTargetDependency */,
			);
			name = DownloadImagesWIthSpinnerUITests;
			productName = DownloadImagesWIthSpinnerUITests;
			productReference = F7D5615B2BF765990050099F /* DownloadImagesWIthSpinnerUITests.xctest */;
			productType = "com.apple.product-type.bundle.ui-testing";
		};
/* End PBXNativeTarget section */

/* Begin PBXProject section */
		F7D561332BF765940050099F /* Project object */ = {
			isa = PBXProject;
			attributes = {
				BuildIndependentTargetsInParallel = 1;
				LastSwiftUpdateCheck = 1340;
				LastUpgradeCheck = 1340;
				TargetAttributes = {
					F7D5613A2BF765940050099F = {
						CreatedOnToolsVersion = 13.4.1;
					};
					F7D561502BF765990050099F = {
						CreatedOnToolsVersion = 13.4.1;
						TestTargetID = F7D5613A2BF765940050099F;
					};
					F7D5615A2BF765990050099F = {
						CreatedOnToolsVersion = 13.4.1;
						TestTargetID = F7D5613A2BF765940050099F;
					};
				};
			};
			buildConfigurationList = F7D561362BF765940050099F /* Build configuration list for PBXProject "DownloadImagesWIthSpinner" */;
			compatibilityVersion = "Xcode 13.0";
			developmentRegion = en;
			hasScannedForEncodings = 0;
			knownRegions = (
				en,
				Base,
			);
			mainGroup = F7D561322BF765940050099F;
			productRefGroup = F7D5613C2BF765940050099F /* Products */;
			projectDirPath = "";
			projectRoot = "";
			targets = (
				F7D5613A2BF765940050099F /* DownloadImagesWIthSpinner */,
				F7D561502BF765990050099F /* DownloadImagesWIthSpinnerTests */,
				F7D5615A2BF765990050099F /* DownloadImagesWIthSpinnerUITests */,
			);
		};
/* End PBXProject section */

/* Begin PBXResourcesBuildPhase section */
		F7D561392BF765940050099F /* Resources */ = {
			isa = PBXResourcesBuildPhase;
			buildActionMask = 2147483647;
			files = (
				F7D5614B2BF765980050099F /* LaunchScreen.storyboard in Resources */,
				F7D561482BF765980050099F /* Assets.xcassets in Resources */,
				F7D561462BF765940050099F /* Main.storyboard in Resources */,
			);
			runOnlyForDeploymentPostprocessing = 0;
		};
		F7D5614F2BF765990050099F /* Resources */ = {
			isa = PBXResourcesBuildPhase;
			buildActionMask = 2147483647;
			files = (
			);
			runOnlyForDeploymentPostprocessing = 0;
		};
		F7D561592BF765990050099F /* Resources */ = {
			isa = PBXResourcesBuildPhase;
			buildActionMask = 2147483647;
			files = (
			);
			runOnlyForDeploymentPostprocessing = 0;
		};
/* End PBXResourcesBuildPhase section */

/* Begin PBXSourcesBuildPhase section */
		F7D561372BF765940050099F /* Sources */ = {
			isa = PBXSourcesBuildPhase;
			buildActionMask = 2147483647;
			files = (
				F7D5617C2BF767CB0050099F /* DogsInfoCollectionCell.swift in Sources */,
				F79D75552BF76F22001C570A /* DogsInfoViewModel.swift in Sources */,
				F7D561762BF766910050099F /* DogsInfoViewController.swift in Sources */,
				F79D75572BF77033001C570A /* NetworkManager.swift in Sources */,
				F7D561782BF766C90050099F /* DogsInfoModelObject.swift in Sources */,
				F7D5613F2BF765940050099F /* AppDelegate.swift in Sources */,
				F7D561412BF765940050099F /* SceneDelegate.swift in Sources */,
				F79D755A2BF7708A001C570A /* Constants.swift in Sources */,
			);
			runOnlyForDeploymentPostprocessing = 0;
		};
		F7D5614D2BF765990050099F /* Sources */ = {
			isa = PBXSourcesBuildPhase;
			buildActionMask = 2147483647;
			files = (
				F7D561562BF765990050099F /* DownloadImagesWIthSpinnerTests.swift in Sources */,
			);
			runOnlyForDeploymentPostprocessing = 0;
		};
		F7D561572BF765990050099F /* Sources */ = {
			isa = PBXSourcesBuildPhase;
			buildActionMask = 2147483647;
			files = (
				F7D561622BF765990050099F /* DownloadImagesWIthSpinnerUITestsLaunchTests.swift in Sources */,
				F7D561602BF765990050099F /* DownloadImagesWIthSpinnerUITests.swift in Sources */,
			);
			runOnlyForDeploymentPostprocessing = 0;
		};
/* End PBXSourcesBuildPhase section */

/* Begin PBXTargetDependency section */
		F7D561532BF765990050099F /* PBXTargetDependency */ = {
			isa = PBXTargetDependency;
			target = F7D5613A2BF765940050099F /* DownloadImagesWIthSpinner */;
			targetProxy = F7D561522BF765990050099F /* PBXContainerItemProxy */;
		};
		F7D5615D2BF765990050099F /* PBXTargetDependency */ = {
			isa = PBXTargetDependency;
			target = F7D5613A2BF765940050099F /* DownloadImagesWIthSpinner */;
			targetProxy = F7D5615C2BF765990050099F /* PBXContainerItemProxy */;
		};
/* End PBXTargetDependency section */

/* Begin PBXVariantGroup section */
		F7D561442BF765940050099F /* Main.storyboard */ = {
			isa = PBXVariantGroup;
			children = (
				F7D561452BF765940050099F /* Base */,
			);
			name = Main.storyboard;
			sourceTree = "<group>";
		};
		F7D561492BF765980050099F /* LaunchScreen.storyboard */ = {
			isa = PBXVariantGroup;
			children = (
				F7D5614A2BF765980050099F /* Base */,
			);
			name = LaunchScreen.storyboard;
			sourceTree = "<group>";
		};
/* End PBXVariantGroup section */

/* Begin XCBuildConfiguration section */
		F7D561632BF765990050099F /* Debug */ = {
			isa = XCBuildConfiguration;
			buildSettings = {
				ALWAYS_SEARCH_USER_PATHS = NO;
				CLANG_ANALYZER_NONNULL = YES;
				CLANG_ANALYZER_NUMBER_OBJECT_CONVERSION = YES_AGGRESSIVE;
				CLANG_CXX_LANGUAGE_STANDARD = "gnu++17";
				CLANG_ENABLE_MODULES = YES;
				CLANG_ENABLE_OBJC_ARC = YES;
				CLANG_ENABLE_OBJC_WEAK = YES;
				CLANG_WARN_BLOCK_CAPTURE_AUTORELEASING = YES;
				CLANG_WARN_BOOL_CONVERSION = YES;
				CLANG_WARN_COMMA = YES;
				CLANG_WARN_CONSTANT_CONVERSION = YES;
				CLANG_WARN_DEPRECATED_OBJC_IMPLEMENTATIONS = YES;
				CLANG_WARN_DIRECT_OBJC_ISA_USAGE = YES_ERROR;
				CLANG_WARN_DOCUMENTATION_COMMENTS = YES;
				CLANG_WARN_EMPTY_BODY = YES;
				CLANG_WARN_ENUM_CONVERSION = YES;
				CLANG_WARN_INFINITE_RECURSION = YES;
				CLANG_WARN_INT_CONVERSION = YES;
				CLANG_WARN_NON_LITERAL_NULL_CONVERSION = YES;
				CLANG_WARN_OBJC_IMPLICIT_RETAIN_SELF = YES;
				CLANG_WARN_OBJC_LITERAL_CONVERSION = YES;
				CLANG_WARN_OBJC_ROOT_CLASS = YES_ERROR;
				CLANG_WARN_QUOTED_INCLUDE_IN_FRAMEWORK_HEADER = YES;
				CLANG_WARN_RANGE_LOOP_ANALYSIS = YES;
				CLANG_WARN_STRICT_PROTOTYPES = YES;
				CLANG_WARN_SUSPICIOUS_MOVE = YES;
				CLANG_WARN_UNGUARDED_AVAILABILITY = YES_AGGRESSIVE;
				CLANG_WARN_UNREACHABLE_CODE = YES;
				CLANG_WARN__DUPLICATE_METHOD_MATCH = YES;
				COPY_PHASE_STRIP = NO;
				DEBUG_INFORMATION_FORMAT = dwarf;
				ENABLE_STRICT_OBJC_MSGSEND = YES;
				ENABLE_TESTABILITY = YES;
				GCC_C_LANGUAGE_STANDARD = gnu11;
				GCC_DYNAMIC_NO_PIC = NO;
				GCC_NO_COMMON_BLOCKS = YES;
				GCC_OPTIMIZATION_LEVEL = 0;
				GCC_PREPROCESSOR_DEFINITIONS = (
					"DEBUG=1",
					"$(inherited)",
				);
				GCC_WARN_64_TO_32_BIT_CONVERSION = YES;
				GCC_WARN_ABOUT_RETURN_TYPE = YES_ERROR;
				GCC_WARN_UNDECLARED_SELECTOR = YES;
				GCC_WARN_UNINITIALIZED_AUTOS = YES_AGGRESSIVE;
				GCC_WARN_UNUSED_FUNCTION = YES;
				GCC_WARN_UNUSED_VARIABLE = YES;
				IPHONEOS_DEPLOYMENT_TARGET = 15.5;
				MTL_ENABLE_DEBUG_INFO = INCLUDE_SOURCE;
				MTL_FAST_MATH = YES;
				ONLY_ACTIVE_ARCH = YES;
				SDKROOT = iphoneos;
				SWIFT_ACTIVE_COMPILATION_CONDITIONS = DEBUG;
				SWIFT_OPTIMIZATION_LEVEL = "-Onone";
			};
			name = Debug;
		};
		F7D561642BF765990050099F /* Release */ = {
			isa = XCBuildConfiguration;
			buildSettings = {
				ALWAYS_SEARCH_USER_PATHS = NO;
				CLANG_ANALYZER_NONNULL = YES;
				CLANG_ANALYZER_NUMBER_OBJECT_CONVERSION = YES_AGGRESSIVE;
				CLANG_CXX_LANGUAGE_STANDARD = "gnu++17";
				CLANG_ENABLE_MODULES = YES;
				CLANG_ENABLE_OBJC_ARC = YES;
				CLANG_ENABLE_OBJC_WEAK = YES;
				CLANG_WARN_BLOCK_CAPTURE_AUTORELEASING = YES;
				CLANG_WARN_BOOL_CONVERSION = YES;
				CLANG_WARN_COMMA = YES;
				CLANG_WARN_CONSTANT_CONVERSION = YES;
				CLANG_WARN_DEPRECATED_OBJC_IMPLEMENTATIONS = YES;
				CLANG_WARN_DIRECT_OBJC_ISA_USAGE = YES_ERROR;
				CLANG_WARN_DOCUMENTATION_COMMENTS = YES;
				CLANG_WARN_EMPTY_BODY = YES;
				CLANG_WARN_ENUM_CONVERSION = YES;
				CLANG_WARN_INFINITE_RECURSION = YES;
				CLANG_WARN_INT_CONVERSION = YES;
				CLANG_WARN_NON_LITERAL_NULL_CONVERSION = YES;
				CLANG_WARN_OBJC_IMPLICIT_RETAIN_SELF = YES;
				CLANG_WARN_OBJC_LITERAL_CONVERSION = YES;
				CLANG_WARN_OBJC_ROOT_CLASS = YES_ERROR;
				CLANG_WARN_QUOTED_INCLUDE_IN_FRAMEWORK_HEADER = YES;
				CLANG_WARN_RANGE_LOOP_ANALYSIS = YES;
				CLANG_WARN_STRICT_PROTOTYPES = YES;
				CLANG_WARN_SUSPICIOUS_MOVE = YES;
				CLANG_WARN_UNGUARDED_AVAILABILITY = YES_AGGRESSIVE;
				CLANG_WARN_UNREACHABLE_CODE = YES;
				CLANG_WARN__DUPLICATE_METHOD_MATCH = YES;
				COPY_PHASE_STRIP = NO;
				DEBUG_INFORMATION_FORMAT = "dwarf-with-dsym";
				ENABLE_NS_ASSERTIONS = NO;
				ENABLE_STRICT_OBJC_MSGSEND = YES;
				GCC_C_LANGUAGE_STANDARD = gnu11;
				GCC_NO_COMMON_BLOCKS = YES;
				GCC_WARN_64_TO_32_BIT_CONVERSION = YES;
				GCC_WARN_ABOUT_RETURN_TYPE = YES_ERROR;
				GCC_WARN_UNDECLARED_SELECTOR = YES;
				GCC_WARN_UNINITIALIZED_AUTOS = YES_AGGRESSIVE;
				GCC_WARN_UNUSED_FUNCTION = YES;
				GCC_WARN_UNUSED_VARIABLE = YES;
				IPHONEOS_DEPLOYMENT_TARGET = 15.5;
				MTL_ENABLE_DEBUG_INFO = NO;
				MTL_FAST_MATH = YES;
				SDKROOT = iphoneos;
				SWIFT_COMPILATION_MODE = wholemodule;
				SWIFT_OPTIMIZATION_LEVEL = "-O";
				VALIDATE_PRODUCT = YES;
			};
			name = Release;
		};
		F7D561662BF765990050099F /* Debug */ = {
			isa = XCBuildConfiguration;
			buildSettings = {
				ASSETCATALOG_COMPILER_APPICON_NAME = AppIcon;
				ASSETCATALOG_COMPILER_GLOBAL_ACCENT_COLOR_NAME = AccentColor;
				CODE_SIGN_STYLE = Automatic;
				CURRENT_PROJECT_VERSION = 1;
				GENERATE_INFOPLIST_FILE = YES;
				INFOPLIST_FILE = DownloadImagesWIthSpinner/Info.plist;
				INFOPLIST_KEY_UIApplicationSupportsIndirectInputEvents = YES;
				INFOPLIST_KEY_UILaunchStoryboardName = LaunchScreen;
				INFOPLIST_KEY_UIMainStoryboardFile = Main;
				INFOPLIST_KEY_UISupportedInterfaceOrientations_iPad = "UIInterfaceOrientationPortrait UIInterfaceOrientationPortraitUpsideDown UIInterfaceOrientationLandscapeLeft UIInterfaceOrientationLandscapeRight";
				INFOPLIST_KEY_UISupportedInterfaceOrientations_iPhone = "UIInterfaceOrientationPortrait UIInterfaceOrientationLandscapeLeft UIInterfaceOrientationLandscapeRight";
				LD_RUNPATH_SEARCH_PATHS = (
					"$(inherited)",
					"@executable_path/Frameworks",
				);
				MARKETING_VERSION = 1.0;
				PRODUCT_BUNDLE_IDENTIFIER = com.cevasoftware.DownloadImagesWIthSpinner;
				PRODUCT_NAME = "$(TARGET_NAME)";
				SWIFT_EMIT_LOC_STRINGS = YES;
				SWIFT_VERSION = 5.0;
				TARGETED_DEVICE_FAMILY = "1,2";
			};
			name = Debug;
		};
		F7D561672BF765990050099F /* Release */ = {
			isa = XCBuildConfiguration;
			buildSettings = {
				ASSETCATALOG_COMPILER_APPICON_NAME = AppIcon;
				ASSETCATALOG_COMPILER_GLOBAL_ACCENT_COLOR_NAME = AccentColor;
				CODE_SIGN_STYLE = Automatic;
				CURRENT_PROJECT_VERSION = 1;
				GENERATE_INFOPLIST_FILE = YES;
				INFOPLIST_FILE = DownloadImagesWIthSpinner/Info.plist;
				INFOPLIST_KEY_UIApplicationSupportsIndirectInputEvents = YES;
				INFOPLIST_KEY_UILaunchStoryboardName = LaunchScreen;
				INFOPLIST_KEY_UIMainStoryboardFile = Main;
				INFOPLIST_KEY_UISupportedInterfaceOrientations_iPad = "UIInterfaceOrientationPortrait UIInterfaceOrientationPortraitUpsideDown UIInterfaceOrientationLandscapeLeft UIInterfaceOrientationLandscapeRight";
				INFOPLIST_KEY_UISupportedInterfaceOrientations_iPhone = "UIInterfaceOrientationPortrait UIInterfaceOrientationLandscapeLeft UIInterfaceOrientationLandscapeRight";
				LD_RUNPATH_SEARCH_PATHS = (
					"$(inherited)",
					"@executable_path/Frameworks",
				);
				MARKETING_VERSION = 1.0;
				PRODUCT_BUNDLE_IDENTIFIER = com.cevasoftware.DownloadImagesWIthSpinner;
				PRODUCT_NAME = "$(TARGET_NAME)";
				SWIFT_EMIT_LOC_STRINGS = YES;
				SWIFT_VERSION = 5.0;
				TARGETED_DEVICE_FAMILY = "1,2";
			};
			name = Release;
		};
		F7D561692BF765990050099F /* Debug */ = {
			isa = XCBuildConfiguration;
			buildSettings = {
				ALWAYS_EMBED_SWIFT_STANDARD_LIBRARIES = YES;
				BUNDLE_LOADER = "$(TEST_HOST)";
				CODE_SIGN_STYLE = Automatic;
				CURRENT_PROJECT_VERSION = 1;
				GENERATE_INFOPLIST_FILE = YES;
				IPHONEOS_DEPLOYMENT_TARGET = 15.5;
				MARKETING_VERSION = 1.0;
				PRODUCT_BUNDLE_IDENTIFIER = com.cevasoftware.DownloadImagesWIthSpinnerTests;
				PRODUCT_NAME = "$(TARGET_NAME)";
				SWIFT_EMIT_LOC_STRINGS = NO;
				SWIFT_VERSION = 5.0;
				TARGETED_DEVICE_FAMILY = "1,2";
				TEST_HOST = "$(BUILT_PRODUCTS_DIR)/DownloadImagesWIthSpinner.app/DownloadImagesWIthSpinner";
			};
			name = Debug;
		};
		F7D5616A2BF765990050099F /* Release */ = {
			isa = XCBuildConfiguration;
			buildSettings = {
				ALWAYS_EMBED_SWIFT_STANDARD_LIBRARIES = YES;
				BUNDLE_LOADER = "$(TEST_HOST)";
				CODE_SIGN_STYLE = Automatic;
				CURRENT_PROJECT_VERSION = 1;
				GENERATE_INFOPLIST_FILE = YES;
				IPHONEOS_DEPLOYMENT_TARGET = 15.5;
				MARKETING_VERSION = 1.0;
				PRODUCT_BUNDLE_IDENTIFIER = com.cevasoftware.DownloadImagesWIthSpinnerTests;
				PRODUCT_NAME = "$(TARGET_NAME)";
				SWIFT_EMIT_LOC_STRINGS = NO;
				SWIFT_VERSION = 5.0;
				TARGETED_DEVICE_FAMILY = "1,2";
				TEST_HOST = "$(BUILT_PRODUCTS_DIR)/DownloadImagesWIthSpinner.app/DownloadImagesWIthSpinner";
			};
			name = Release;
		};
		F7D5616C2BF765990050099F /* Debug */ = {
			isa = XCBuildConfiguration;
			buildSettings = {
				ALWAYS_EMBED_SWIFT_STANDARD_LIBRARIES = YES;
				CODE_SIGN_STYLE = Automatic;
				CURRENT_PROJECT_VERSION = 1;
				GENERATE_INFOPLIST_FILE = YES;
				MARKETING_VERSION = 1.0;
				PRODUCT_BUNDLE_IDENTIFIER = com.cevasoftware.DownloadImagesWIthSpinnerUITests;
				PRODUCT_NAME = "$(TARGET_NAME)";
				SWIFT_EMIT_LOC_STRINGS = NO;
				SWIFT_VERSION = 5.0;
				TARGETED_DEVICE_FAMILY = "1,2";
				TEST_TARGET_NAME = DownloadImagesWIthSpinner;
			};
			name = Debug;
		};
		F7D5616D2BF765990050099F /* Release */ = {
			isa = XCBuildConfiguration;
			buildSettings = {
				ALWAYS_EMBED_SWIFT_STANDARD_LIBRARIES = YES;
				CODE_SIGN_STYLE = Automatic;
				CURRENT_PROJECT_VERSION = 1;
				GENERATE_INFOPLIST_FILE = YES;
				MARKETING_VERSION = 1.0;
				PRODUCT_BUNDLE_IDENTIFIER = com.cevasoftware.DownloadImagesWIthSpinnerUITests;
				PRODUCT_NAME = "$(TARGET_NAME)";
				SWIFT_EMIT_LOC_STRINGS = NO;
				SWIFT_VERSION = 5.0;
				TARGETED_DEVICE_FAMILY = "1,2";
				TEST_TARGET_NAME = DownloadImagesWIthSpinner;
			};
			name = Release;
		};
/* End XCBuildConfiguration section */

/* Begin XCConfigurationList section */
		F7D561362BF765940050099F /* Build configuration list for PBXProject "DownloadImagesWIthSpinner" */ = {
			isa = XCConfigurationList;
			buildConfigurations = (
				F7D561632BF765990050099F /* Debug */,
				F7D561642BF765990050099F /* Release */,
			);
			defaultConfigurationIsVisible = 0;
			defaultConfigurationName = Release;
		};
		F7D561652BF765990050099F /* Build configuration list for PBXNativeTarget "DownloadImagesWIthSpinner" */ = {
			isa = XCConfigurationList;
			buildConfigurations = (
				F7D561662BF765990050099F /* Debug */,
				F7D561672BF765990050099F /* Release */,
			);
			defaultConfigurationIsVisible = 0;
			defaultConfigurationName = Release;
		};
		F7D561682BF765990050099F /* Build configuration list for PBXNativeTarget "DownloadImagesWIthSpinnerTests" */ = {
			isa = XCConfigurationList;
			buildConfigurations = (
				F7D561692BF765990050099F /* Debug */,
				F7D5616A2BF765990050099F /* Release */,
			);
			defaultConfigurationIsVisible = 0;
			defaultConfigurationName = Release;
		};
		F7D5616B2BF765990050099F /* Build configuration list for PBXNativeTarget "DownloadImagesWIthSpinnerUITests" */ = {
			isa = XCConfigurationList;
			buildConfigurations = (
				F7D5616C2BF765990050099F /* Debug */,
				F7D5616D2BF765990050099F /* Release */,
			);
			defaultConfigurationIsVisible = 0;
			defaultConfigurationName = Release;
		};
/* End XCConfigurationList section */
	};
	rootObject = F7D561332BF765940050099F /* Project object */;
}
